// !$*UTF8*$!
{
	archiveVersion = 1;
	classes = {
	};
	objectVersion = 46;
	objects = {

/* Begin PBXBuildFile section */
		3F1231E31F3782A900C25097 /* Helper.swift in Sources */ = {isa = PBXBuildFile; fileRef = 3F1231E21F3782A900C25097 /* Helper.swift */; };
		3F18648B1F259E69005FFF22 /* AppDelegate.swift in Sources */ = {isa = PBXBuildFile; fileRef = 3F18648A1F259E69005FFF22 /* AppDelegate.swift */; };
		3F18648D1F259E69005FFF22 /* ViewController.swift in Sources */ = {isa = PBXBuildFile; fileRef = 3F18648C1F259E69005FFF22 /* ViewController.swift */; };
		3F1864921F259E69005FFF22 /* Assets.xcassets in Resources */ = {isa = PBXBuildFile; fileRef = 3F1864911F259E69005FFF22 /* Assets.xcassets */; };
		3F1864951F259E69005FFF22 /* LaunchScreen.storyboard in Resources */ = {isa = PBXBuildFile; fileRef = 3F1864931F259E69005FFF22 /* LaunchScreen.storyboard */; };
		3F18649F1F25BB7C005FFF22 /* WeeklyController.swift in Sources */ = {isa = PBXBuildFile; fileRef = 3F18649E1F25BB7C005FFF22 /* WeeklyController.swift */; };
		3F49BB871F369B1C00F670C0 /* DailyTimes.swift in Sources */ = {isa = PBXBuildFile; fileRef = 3F49BB861F369B1C00F670C0 /* DailyTimes.swift */; };
		3F57028F1F5035AE00F098C7 /* Weather.swift in Sources */ = {isa = PBXBuildFile; fileRef = 3F57028E1F5035AE00F098C7 /* Weather.swift */; };
		3F5702931F51E53C00F098C7 /* WeeklyLayout.swift in Sources */ = {isa = PBXBuildFile; fileRef = 3F5702921F51E53C00F098C7 /* WeeklyLayout.swift */; };
		3F5702971F51FA6000F098C7 /* Slots.swift in Sources */ = {isa = PBXBuildFile; fileRef = 3F5702961F51FA6000F098C7 /* Slots.swift */; };
		3FB9E6E31F2DA3850000FE80 /* TimeLabelCell.swift in Sources */ = {isa = PBXBuildFile; fileRef = 3FB9E6E21F2DA3850000FE80 /* TimeLabelCell.swift */; };
		3FB9E6E51F2DA3A50000FE80 /* InfoCell.swift in Sources */ = {isa = PBXBuildFile; fileRef = 3FB9E6E41F2DA3A50000FE80 /* InfoCell.swift */; };
		3FB9E6E71F2DA3FF0000FE80 /* WeeklyViewHeader.swift in Sources */ = {isa = PBXBuildFile; fileRef = 3FB9E6E61F2DA3FF0000FE80 /* WeeklyViewHeader.swift */; };
		3FB9E6E91F2DA47F0000FE80 /* CategoryCell.swift in Sources */ = {isa = PBXBuildFile; fileRef = 3FB9E6E81F2DA47F0000FE80 /* CategoryCell.swift */; };
		3FE8D30F1F3DF8F8007A5303 /* weeklySlots.xcdatamodeld in Sources */ = {isa = PBXBuildFile; fileRef = 3FE8D30D1F3DF8F7007A5303 /* weeklySlots.xcdatamodeld */; };
		3FE8D3291F3E63CF007A5303 /* SlotEntity+CoreDataClass.swift in Sources */ = {isa = PBXBuildFile; fileRef = 3FE8D3251F3E63CF007A5303 /* SlotEntity+CoreDataClass.swift */; };
		3FE8D32A1F3E63CF007A5303 /* SlotEntity+CoreDataProperties.swift in Sources */ = {isa = PBXBuildFile; fileRef = 3FE8D3261F3E63CF007A5303 /* SlotEntity+CoreDataProperties.swift */; };
		3FE8D32B1F3E63CF007A5303 /* DailyTimesEntity+CoreDataClass.swift in Sources */ = {isa = PBXBuildFile; fileRef = 3FE8D3271F3E63CF007A5303 /* DailyTimesEntity+CoreDataClass.swift */; };
		3FE8D32C1F3E63CF007A5303 /* DailyTimesEntity+CoreDataProperties.swift in Sources */ = {isa = PBXBuildFile; fileRef = 3FE8D3281F3E63CF007A5303 /* DailyTimesEntity+CoreDataProperties.swift */; };
		3FE8D32E1F3E6989007A5303 /* DatabaseController.swift in Sources */ = {isa = PBXBuildFile; fileRef = 3FE8D32D1F3E6989007A5303 /* DatabaseController.swift */; };
/* End PBXBuildFile section */

/* Begin PBXFileReference section */
		3F1231E21F3782A900C25097 /* Helper.swift */ = {isa = PBXFileReference; fileEncoding = 4; lastKnownFileType = sourcecode.swift; path = Helper.swift; sourceTree = "<group>"; };
		3F1864871F259E69005FFF22 /* weekly.app */ = {isa = PBXFileReference; explicitFileType = wrapper.application; includeInIndex = 0; path = weekly.app; sourceTree = BUILT_PRODUCTS_DIR; };
		3F18648A1F259E69005FFF22 /* AppDelegate.swift */ = {isa = PBXFileReference; lastKnownFileType = sourcecode.swift; path = AppDelegate.swift; sourceTree = "<group>"; };
		3F18648C1F259E69005FFF22 /* ViewController.swift */ = {isa = PBXFileReference; lastKnownFileType = sourcecode.swift; path = ViewController.swift; sourceTree = "<group>"; };
		3F1864911F259E69005FFF22 /* Assets.xcassets */ = {isa = PBXFileReference; lastKnownFileType = folder.assetcatalog; path = Assets.xcassets; sourceTree = "<group>"; };
		3F1864941F259E69005FFF22 /* Base */ = {isa = PBXFileReference; lastKnownFileType = file.storyboard; name = Base; path = Base.lproj/LaunchScreen.storyboard; sourceTree = "<group>"; };
		3F1864961F259E69005FFF22 /* Info.plist */ = {isa = PBXFileReference; lastKnownFileType = text.plist.xml; path = Info.plist; sourceTree = "<group>"; };
		3F18649E1F25BB7C005FFF22 /* WeeklyController.swift */ = {isa = PBXFileReference; fileEncoding = 4; lastKnownFileType = sourcecode.swift; path = WeeklyController.swift; sourceTree = "<group>"; };
		3F49BB861F369B1C00F670C0 /* DailyTimes.swift */ = {isa = PBXFileReference; fileEncoding = 4; lastKnownFileType = sourcecode.swift; path = DailyTimes.swift; sourceTree = "<group>"; };
		3F57028E1F5035AE00F098C7 /* Weather.swift */ = {isa = PBXFileReference; fileEncoding = 4; lastKnownFileType = sourcecode.swift; path = Weather.swift; sourceTree = "<group>"; };
		3F5702921F51E53C00F098C7 /* WeeklyLayout.swift */ = {isa = PBXFileReference; fileEncoding = 4; lastKnownFileType = sourcecode.swift; path = WeeklyLayout.swift; sourceTree = "<group>"; };
		3F5702961F51FA6000F098C7 /* Slots.swift */ = {isa = PBXFileReference; fileEncoding = 4; lastKnownFileType = sourcecode.swift; path = Slots.swift; sourceTree = "<group>"; };
		3FB9E6E21F2DA3850000FE80 /* TimeLabelCell.swift */ = {isa = PBXFileReference; fileEncoding = 4; lastKnownFileType = sourcecode.swift; path = TimeLabelCell.swift; sourceTree = "<group>"; };
		3FB9E6E41F2DA3A50000FE80 /* InfoCell.swift */ = {isa = PBXFileReference; fileEncoding = 4; lastKnownFileType = sourcecode.swift; path = InfoCell.swift; sourceTree = "<group>"; };
		3FB9E6E61F2DA3FF0000FE80 /* WeeklyViewHeader.swift */ = {isa = PBXFileReference; fileEncoding = 4; lastKnownFileType = sourcecode.swift; path = WeeklyViewHeader.swift; sourceTree = "<group>"; };
		3FB9E6E81F2DA47F0000FE80 /* CategoryCell.swift */ = {isa = PBXFileReference; fileEncoding = 4; lastKnownFileType = sourcecode.swift; path = CategoryCell.swift; sourceTree = "<group>"; };
		3FE8D30E1F3DF8F7007A5303 /* weeklySlots.xcdatamodel */ = {isa = PBXFileReference; lastKnownFileType = wrapper.xcdatamodel; path = weeklySlots.xcdatamodel; sourceTree = "<group>"; };
		3FE8D3251F3E63CF007A5303 /* SlotEntity+CoreDataClass.swift */ = {isa = PBXFileReference; fileEncoding = 4; lastKnownFileType = sourcecode.swift; path = "SlotEntity+CoreDataClass.swift"; sourceTree = "<group>"; };
		3FE8D3261F3E63CF007A5303 /* SlotEntity+CoreDataProperties.swift */ = {isa = PBXFileReference; fileEncoding = 4; lastKnownFileType = sourcecode.swift; path = "SlotEntity+CoreDataProperties.swift"; sourceTree = "<group>"; };
		3FE8D3271F3E63CF007A5303 /* DailyTimesEntity+CoreDataClass.swift */ = {isa = PBXFileReference; fileEncoding = 4; lastKnownFileType = sourcecode.swift; path = "DailyTimesEntity+CoreDataClass.swift"; sourceTree = "<group>"; };
		3FE8D3281F3E63CF007A5303 /* DailyTimesEntity+CoreDataProperties.swift */ = {isa = PBXFileReference; fileEncoding = 4; lastKnownFileType = sourcecode.swift; path = "DailyTimesEntity+CoreDataProperties.swift"; sourceTree = "<group>"; };
		3FE8D32D1F3E6989007A5303 /* DatabaseController.swift */ = {isa = PBXFileReference; fileEncoding = 4; lastKnownFileType = sourcecode.swift; path = DatabaseController.swift; sourceTree = "<group>"; };
/* End PBXFileReference section */

/* Begin PBXFrameworksBuildPhase section */
		3F1864841F259E69005FFF22 /* Frameworks */ = {
			isa = PBXFrameworksBuildPhase;
			buildActionMask = 2147483647;
			files = (
			);
			runOnlyForDeploymentPostprocessing = 0;
		};
/* End PBXFrameworksBuildPhase section */

/* Begin PBXGroup section */
		3F1231DE1F3778C700C25097 /* Layouts */ = {
			isa = PBXGroup;
			children = (
				3F5702921F51E53C00F098C7 /* WeeklyLayout.swift */,
			);
			name = Layouts;
			sourceTree = "<group>";
		};
		3F1231E11F37829C00C25097 /* Helper */ = {
			isa = PBXGroup;
			children = (
				3F1231E21F3782A900C25097 /* Helper.swift */,
			);
			name = Helper;
			sourceTree = "<group>";
		};
		3F18647E1F259E69005FFF22 = {
			isa = PBXGroup;
			children = (
				3F5702941F51E6C100F098C7 /* CoreDataModel */,
				3F1864891F259E69005FFF22 /* WeatherNotifier */,
				3F1864881F259E69005FFF22 /* Products */,
			);
			sourceTree = "<group>";
		};
		3F1864881F259E69005FFF22 /* Products */ = {
			isa = PBXGroup;
			children = (
				3F1864871F259E69005FFF22 /* weekly.app */,
			);
			name = Products;
			sourceTree = "<group>";
		};
		3F1864891F259E69005FFF22 /* WeatherNotifier */ = {
			isa = PBXGroup;
			children = (
				3F1231E11F37829C00C25097 /* Helper */,
				3F1231DE1F3778C700C25097 /* Layouts */,
				3F49BB851F369AE800F670C0 /* Models */,
				3FB9E6DF1F2DA2EF0000FE80 /* CalendarViews */,
				3F18648A1F259E69005FFF22 /* AppDelegate.swift */,
				3F5702951F51E6FC00F098C7 /* ViewControllers */,
				3F1864911F259E69005FFF22 /* Assets.xcassets */,
				3F1864931F259E69005FFF22 /* LaunchScreen.storyboard */,
				3F1864961F259E69005FFF22 /* Info.plist */,
			);
			name = WeatherNotifier;
			path = weekly;
			sourceTree = "<group>";
		};
		3F49BB851F369AE800F670C0 /* Models */ = {
			isa = PBXGroup;
			children = (
				3F57028E1F5035AE00F098C7 /* Weather.swift */,
				3F49BB861F369B1C00F670C0 /* DailyTimes.swift */,
				3F5702961F51FA6000F098C7 /* Slots.swift */,
			);
			name = Models;
			sourceTree = "<group>";
		};
		3F5702941F51E6C100F098C7 /* CoreDataModel */ = {
			isa = PBXGroup;
			children = (
				3FE8D3251F3E63CF007A5303 /* SlotEntity+CoreDataClass.swift */,
				3FE8D3261F3E63CF007A5303 /* SlotEntity+CoreDataProperties.swift */,
				3FE8D3271F3E63CF007A5303 /* DailyTimesEntity+CoreDataClass.swift */,
				3FE8D3281F3E63CF007A5303 /* DailyTimesEntity+CoreDataProperties.swift */,
				3FE8D32D1F3E6989007A5303 /* DatabaseController.swift */,
				3FE8D30D1F3DF8F7007A5303 /* weeklySlots.xcdatamodeld */,
			);
			name = CoreDataModel;
			sourceTree = "<group>";
		};
		3F5702951F51E6FC00F098C7 /* ViewControllers */ = {
			isa = PBXGroup;
			children = (
				3F18648C1F259E69005FFF22 /* ViewController.swift */,
				3F18649E1F25BB7C005FFF22 /* WeeklyController.swift */,
			);
			name = ViewControllers;
			sourceTree = "<group>";
		};
		3FB9E6DF1F2DA2EF0000FE80 /* CalendarViews */ = {
			isa = PBXGroup;
			children = (
				3FB9E6E21F2DA3850000FE80 /* TimeLabelCell.swift */,
				3FB9E6E41F2DA3A50000FE80 /* InfoCell.swift */,
				3FB9E6E61F2DA3FF0000FE80 /* WeeklyViewHeader.swift */,
				3FB9E6E81F2DA47F0000FE80 /* CategoryCell.swift */,
			);
			name = CalendarViews;
			sourceTree = "<group>";
		};
/* End PBXGroup section */

/* Begin PBXNativeTarget section */
		3F1864861F259E69005FFF22 /* weekly */ = {
			isa = PBXNativeTarget;
			buildConfigurationList = 3F1864991F259E69005FFF22 /* Build configuration list for PBXNativeTarget "weekly" */;
			buildPhases = (
				3F1864831F259E69005FFF22 /* Sources */,
				3F1864841F259E69005FFF22 /* Frameworks */,
				3F1864851F259E69005FFF22 /* Resources */,
			);
			buildRules = (
			);
			dependencies = (
			);
			name = weekly;
			productName = weekly;
			productReference = 3F1864871F259E69005FFF22 /* weekly.app */;
			productType = "com.apple.product-type.application";
		};
/* End PBXNativeTarget section */

/* Begin PBXProject section */
		3F18647F1F259E69005FFF22 /* Project object */ = {
			isa = PBXProject;
			attributes = {
				LastSwiftUpdateCheck = 0830;
				LastUpgradeCheck = 0830;
				ORGANIZATIONNAME = "Will Yeung";
				TargetAttributes = {
					3F1864861F259E69005FFF22 = {
						CreatedOnToolsVersion = 8.3.3;
						ProvisioningStyle = Automatic;
						SystemCapabilities = {
							com.apple.BackgroundModes = {
								enabled = 1;
							};
						};
					};
				};
			};
			buildConfigurationList = 3F1864821F259E69005FFF22 /* Build configuration list for PBXProject "weekly" */;
			compatibilityVersion = "Xcode 3.2";
			developmentRegion = English;
			hasScannedForEncodings = 0;
			knownRegions = (
				en,
				Base,
			);
			mainGroup = 3F18647E1F259E69005FFF22;
			productRefGroup = 3F1864881F259E69005FFF22 /* Products */;
			projectDirPath = "";
			projectRoot = "";
			targets = (
				3F1864861F259E69005FFF22 /* weekly */,
			);
		};
/* End PBXProject section */

/* Begin PBXResourcesBuildPhase section */
		3F1864851F259E69005FFF22 /* Resources */ = {
			isa = PBXResourcesBuildPhase;
			buildActionMask = 2147483647;
			files = (
				3F1864951F259E69005FFF22 /* LaunchScreen.storyboard in Resources */,
				3F1864921F259E69005FFF22 /* Assets.xcassets in Resources */,
			);
			runOnlyForDeploymentPostprocessing = 0;
		};
/* End PBXResourcesBuildPhase section */

/* Begin PBXSourcesBuildPhase section */
		3F1864831F259E69005FFF22 /* Sources */ = {
			isa = PBXSourcesBuildPhase;
			buildActionMask = 2147483647;
			files = (
				3FE8D32B1F3E63CF007A5303 /* DailyTimesEntity+CoreDataClass.swift in Sources */,
				3FE8D32C1F3E63CF007A5303 /* DailyTimesEntity+CoreDataProperties.swift in Sources */,
				3FE8D32A1F3E63CF007A5303 /* SlotEntity+CoreDataProperties.swift in Sources */,
				3F1231E31F3782A900C25097 /* Helper.swift in Sources */,
				3F57028F1F5035AE00F098C7 /* Weather.swift in Sources */,
				3FE8D3291F3E63CF007A5303 /* SlotEntity+CoreDataClass.swift in Sources */,
				3FB9E6E31F2DA3850000FE80 /* TimeLabelCell.swift in Sources */,
				3FE8D30F1F3DF8F8007A5303 /* weeklySlots.xcdatamodeld in Sources */,
				3F5702931F51E53C00F098C7 /* WeeklyLayout.swift in Sources */,
				3F5702971F51FA6000F098C7 /* Slots.swift in Sources */,
				3F49BB871F369B1C00F670C0 /* DailyTimes.swift in Sources */,
				3F18648D1F259E69005FFF22 /* ViewController.swift in Sources */,
				3F18649F1F25BB7C005FFF22 /* WeeklyController.swift in Sources */,
				3FB9E6E91F2DA47F0000FE80 /* CategoryCell.swift in Sources */,
				3F18648B1F259E69005FFF22 /* AppDelegate.swift in Sources */,
				3FE8D32E1F3E6989007A5303 /* DatabaseController.swift in Sources */,
				3FB9E6E71F2DA3FF0000FE80 /* WeeklyViewHeader.swift in Sources */,
				3FB9E6E51F2DA3A50000FE80 /* InfoCell.swift in Sources */,
			);
			runOnlyForDeploymentPostprocessing = 0;
		};
/* End PBXSourcesBuildPhase section */

/* Begin PBXVariantGroup section */
		3F1864931F259E69005FFF22 /* LaunchScreen.storyboard */ = {
			isa = PBXVariantGroup;
			children = (
				3F1864941F259E69005FFF22 /* Base */,
			);
			name = LaunchScreen.storyboard;
			sourceTree = "<group>";
		};
/* End PBXVariantGroup section */

/* Begin XCBuildConfiguration section */
		3F1864971F259E69005FFF22 /* Debug */ = {
			isa = XCBuildConfiguration;
			buildSettings = {
				ALWAYS_SEARCH_USER_PATHS = NO;
				CLANG_ANALYZER_NONNULL = YES;
				CLANG_ANALYZER_NUMBER_OBJECT_CONVERSION = YES_AGGRESSIVE;
				CLANG_CXX_LANGUAGE_STANDARD = "gnu++0x";
				CLANG_CXX_LIBRARY = "libc++";
				CLANG_ENABLE_MODULES = YES;
				CLANG_ENABLE_OBJC_ARC = YES;
				CLANG_WARN_BOOL_CONVERSION = YES;
				CLANG_WARN_CONSTANT_CONVERSION = YES;
				CLANG_WARN_DIRECT_OBJC_ISA_USAGE = YES_ERROR;
				CLANG_WARN_DOCUMENTATION_COMMENTS = YES;
				CLANG_WARN_EMPTY_BODY = YES;
				CLANG_WARN_ENUM_CONVERSION = YES;
				CLANG_WARN_INFINITE_RECURSION = YES;
				CLANG_WARN_INT_CONVERSION = YES;
				CLANG_WARN_OBJC_ROOT_CLASS = YES_ERROR;
				CLANG_WARN_SUSPICIOUS_MOVE = YES;
				CLANG_WARN_UNREACHABLE_CODE = YES;
				CLANG_WARN__DUPLICATE_METHOD_MATCH = YES;
				"CODE_SIGN_IDENTITY[sdk=iphoneos*]" = "iPhone Developer";
				COPY_PHASE_STRIP = NO;
				DEBUG_INFORMATION_FORMAT = dwarf;
				ENABLE_STRICT_OBJC_MSGSEND = YES;
				ENABLE_TESTABILITY = YES;
				GCC_C_LANGUAGE_STANDARD = gnu99;
				GCC_DYNAMIC_NO_PIC = NO;
				GCC_NO_COMMON_BLOCKS = YES;
				GCC_OPTIMIZATION_LEVEL = 0;
				GCC_PREPROCESSOR_DEFINITIONS = (
					"DEBUG=1",
					"$(inherited)",
				);
				GCC_WARN_64_TO_32_BIT_CONVERSION = YES;
				GCC_WARN_ABOUT_RETURN_TYPE = YES_ERROR;
				GCC_WARN_UNDECLARED_SELECTOR = YES;
				GCC_WARN_UNINITIALIZED_AUTOS = YES_AGGRESSIVE;
				GCC_WARN_UNUSED_FUNCTION = YES;
				GCC_WARN_UNUSED_VARIABLE = YES;
				IPHONEOS_DEPLOYMENT_TARGET = 10.3;
				MTL_ENABLE_DEBUG_INFO = YES;
				ONLY_ACTIVE_ARCH = YES;
				SDKROOT = iphoneos;
				SWIFT_ACTIVE_COMPILATION_CONDITIONS = DEBUG;
				SWIFT_OPTIMIZATION_LEVEL = "-Onone";
				TARGETED_DEVICE_FAMILY = "1,2";
			};
			name = Debug;
		};
		3F1864981F259E69005FFF22 /* Release */ = {
			isa = XCBuildConfiguration;
			buildSettings = {
				ALWAYS_SEARCH_USER_PATHS = NO;
				CLANG_ANALYZER_NONNULL = YES;
				CLANG_ANALYZER_NUMBER_OBJECT_CONVERSION = YES_AGGRESSIVE;
				CLANG_CXX_LANGUAGE_STANDARD = "gnu++0x";
				CLANG_CXX_LIBRARY = "libc++";
				CLANG_ENABLE_MODULES = YES;
				CLANG_ENABLE_OBJC_ARC = YES;
				CLANG_WARN_BOOL_CONVERSION = YES;
				CLANG_WARN_CONSTANT_CONVERSION = YES;
				CLANG_WARN_DIRECT_OBJC_ISA_USAGE = YES_ERROR;
				CLANG_WARN_DOCUMENTATION_COMMENTS = YES;
				CLANG_WARN_EMPTY_BODY = YES;
				CLANG_WARN_ENUM_CONVERSION = YES;
				CLANG_WARN_INFINITE_RECURSION = YES;
				CLANG_WARN_INT_CONVERSION = YES;
				CLANG_WARN_OBJC_ROOT_CLASS = YES_ERROR;
				CLANG_WARN_SUSPICIOUS_MOVE = YES;
				CLANG_WARN_UNREACHABLE_CODE = YES;
				CLANG_WARN__DUPLICATE_METHOD_MATCH = YES;
				"CODE_SIGN_IDENTITY[sdk=iphoneos*]" = "iPhone Developer";
				COPY_PHASE_STRIP = NO;
				DEBUG_INFORMATION_FORMAT = "dwarf-with-dsym";
				ENABLE_NS_ASSERTIONS = NO;
				ENABLE_STRICT_OBJC_MSGSEND = YES;
				GCC_C_LANGUAGE_STANDARD = gnu99;
				GCC_NO_COMMON_BLOCKS = YES;
				GCC_WARN_64_TO_32_BIT_CONVERSION = YES;
				GCC_WARN_ABOUT_RETURN_TYPE = YES_ERROR;
				GCC_WARN_UNDECLARED_SELECTOR = YES;
				GCC_WARN_UNINITIALIZED_AUTOS = YES_AGGRESSIVE;
				GCC_WARN_UNUSED_FUNCTION = YES;
				GCC_WARN_UNUSED_VARIABLE = YES;
				IPHONEOS_DEPLOYMENT_TARGET = 10.3;
				MTL_ENABLE_DEBUG_INFO = NO;
				SDKROOT = iphoneos;
				SWIFT_OPTIMIZATION_LEVEL = "-Owholemodule";
				TARGETED_DEVICE_FAMILY = "1,2";
				VALIDATE_PRODUCT = YES;
			};
			name = Release;
		};
		3F18649A1F259E69005FFF22 /* Debug */ = {
			isa = XCBuildConfiguration;
			buildSettings = {
				ASSETCATALOG_COMPILER_APPICON_NAME = AppIcon;
				INFOPLIST_FILE = weekly/Info.plist;
				LD_RUNPATH_SEARCH_PATHS = "$(inherited) @executable_path/Frameworks";
				PRODUCT_BUNDLE_IDENTIFIER = tsuny.weekly;
				PRODUCT_NAME = "$(TARGET_NAME)";
				SWIFT_VERSION = 3.0;
			};
			name = Debug;
		};
		3F18649B1F259E69005FFF22 /* Release */ = {
			isa = XCBuildConfiguration;
			buildSettings = {
				ASSETCATALOG_COMPILER_APPICON_NAME = AppIcon;
				INFOPLIST_FILE = weekly/Info.plist;
				LD_RUNPATH_SEARCH_PATHS = "$(inherited) @executable_path/Frameworks";
				PRODUCT_BUNDLE_IDENTIFIER = tsuny.weekly;
				PRODUCT_NAME = "$(TARGET_NAME)";
				SWIFT_VERSION = 3.0;
			};
			name = Release;
		};
/* End XCBuildConfiguration section */

/* Begin XCConfigurationList section */
		3F1864821F259E69005FFF22 /* Build configuration list for PBXProject "weekly" */ = {
			isa = XCConfigurationList;
			buildConfigurations = (
				3F1864971F259E69005FFF22 /* Debug */,
				3F1864981F259E69005FFF22 /* Release */,
			);
			defaultConfigurationIsVisible = 0;
			defaultConfigurationName = Release;
		};
		3F1864991F259E69005FFF22 /* Build configuration list for PBXNativeTarget "weekly" */ = {
			isa = XCConfigurationList;
			buildConfigurations = (
				3F18649A1F259E69005FFF22 /* Debug */,
				3F18649B1F259E69005FFF22 /* Release */,
			);
			defaultConfigurationIsVisible = 0;
			defaultConfigurationName = Release;
		};
/* End XCConfigurationList section */

/* Begin XCVersionGroup section */
		3FE8D30D1F3DF8F7007A5303 /* weeklySlots.xcdatamodeld */ = {
			isa = XCVersionGroup;
			children = (
				3FE8D30E1F3DF8F7007A5303 /* weeklySlots.xcdatamodel */,
			);
			currentVersion = 3FE8D30E1F3DF8F7007A5303 /* weeklySlots.xcdatamodel */;
			path = weeklySlots.xcdatamodeld;
			sourceTree = "<group>";
			versionGroupType = wrapper.xcdatamodel;
		};
/* End XCVersionGroup section */
	};
	rootObject = 3F18647F1F259E69005FFF22 /* Project object */;
}
